// !$*UTF8*$!
{
	archiveVersion = 1;
	classes = {
	};
	objectVersion = 46;
	objects = {

/* Begin PBXBuildFile section */
		04234D171DD6572200784696 /* StupidGame.swift in Sources */ = {isa = PBXBuildFile; fileRef = 04234D161DD6572200784696 /* StupidGame.swift */; };
		046B5A601DC27DBB001C5664 /* CardGameController.swift in Sources */ = {isa = PBXBuildFile; fileRef = 046B5A5F1DC27DBB001C5664 /* CardGameController.swift */; };
		049D9D3E1DC7C58E00955420 /* Deck.swift in Sources */ = {isa = PBXBuildFile; fileRef = 049D9D3D1DC7C58E00955420 /* Deck.swift */; };
		049D9D401DC7C59E00955420 /* PlayingCardDeck.swift in Sources */ = {isa = PBXBuildFile; fileRef = 049D9D3F1DC7C59E00955420 /* PlayingCardDeck.swift */; };
		04D02D2D1DBFE3EE00947EAD /* AppDelegate.swift in Sources */ = {isa = PBXBuildFile; fileRef = 04D02D2C1DBFE3EE00947EAD /* AppDelegate.swift */; };
		04D02D321DBFE3EE00947EAD /* Main.storyboard in Resources */ = {isa = PBXBuildFile; fileRef = 04D02D301DBFE3EE00947EAD /* Main.storyboard */; };
		04D02D341DBFE3EE00947EAD /* Assets.xcassets in Resources */ = {isa = PBXBuildFile; fileRef = 04D02D331DBFE3EE00947EAD /* Assets.xcassets */; };
		04D02D371DBFE3EE00947EAD /* LaunchScreen.storyboard in Resources */ = {isa = PBXBuildFile; fileRef = 04D02D351DBFE3EE00947EAD /* LaunchScreen.storyboard */; };
		04D02D3F1DBFE5D000947EAD /* Card.swift in Sources */ = {isa = PBXBuildFile; fileRef = 04D02D3E1DBFE5D000947EAD /* Card.swift */; };
		04D02D411DBFE5F300947EAD /* PlayingCard.swift in Sources */ = {isa = PBXBuildFile; fileRef = 04D02D401DBFE5F300947EAD /* PlayingCard.swift */; };
/* End PBXBuildFile section */

/* Begin PBXFileReference section */
		04234D161DD6572200784696 /* StupidGame.swift */ = {isa = PBXFileReference; fileEncoding = 4; lastKnownFileType = sourcecode.swift; name = StupidGame.swift; path = Model/StupidGame.swift; sourceTree = "<group>"; };
		046B5A5F1DC27DBB001C5664 /* CardGameController.swift */ = {isa = PBXFileReference; fileEncoding = 4; lastKnownFileType = sourcecode.swift; name = CardGameController.swift; path = Controller/CardGameController.swift; sourceTree = "<group>"; };
		049D9D3D1DC7C58E00955420 /* Deck.swift */ = {isa = PBXFileReference; fileEncoding = 4; lastKnownFileType = sourcecode.swift; name = Deck.swift; path = Model/Deck.swift; sourceTree = "<group>"; };
		049D9D3F1DC7C59E00955420 /* PlayingCardDeck.swift */ = {isa = PBXFileReference; fileEncoding = 4; lastKnownFileType = sourcecode.swift; name = PlayingCardDeck.swift; path = Model/PlayingCardDeck.swift; sourceTree = "<group>"; };
		04D02D291DBFE3EE00947EAD /* CardGame.app */ = {isa = PBXFileReference; explicitFileType = wrapper.application; includeInIndex = 0; path = CardGame.app; sourceTree = BUILT_PRODUCTS_DIR; };
		04D02D2C1DBFE3EE00947EAD /* AppDelegate.swift */ = {isa = PBXFileReference; lastKnownFileType = sourcecode.swift; path = AppDelegate.swift; sourceTree = "<group>"; };
		04D02D311DBFE3EE00947EAD /* Base */ = {isa = PBXFileReference; lastKnownFileType = file.storyboard; name = Base; path = Base.lproj/Main.storyboard; sourceTree = "<group>"; };
		04D02D331DBFE3EE00947EAD /* Assets.xcassets */ = {isa = PBXFileReference; lastKnownFileType = folder.assetcatalog; path = Assets.xcassets; sourceTree = "<group>"; };
		04D02D361DBFE3EE00947EAD /* Base */ = {isa = PBXFileReference; lastKnownFileType = file.storyboard; name = Base; path = Base.lproj/LaunchScreen.storyboard; sourceTree = "<group>"; };
		04D02D381DBFE3EE00947EAD /* Info.plist */ = {isa = PBXFileReference; lastKnownFileType = text.plist.xml; path = Info.plist; sourceTree = "<group>"; };
		04D02D3E1DBFE5D000947EAD /* Card.swift */ = {isa = PBXFileReference; fileEncoding = 4; lastKnownFileType = sourcecode.swift; name = Card.swift; path = Model/Card.swift; sourceTree = "<group>"; };
		04D02D401DBFE5F300947EAD /* PlayingCard.swift */ = {isa = PBXFileReference; fileEncoding = 4; lastKnownFileType = sourcecode.swift; name = PlayingCard.swift; path = Model/PlayingCard.swift; sourceTree = "<group>"; };
/* End PBXFileReference section */

/* Begin PBXFrameworksBuildPhase section */
		04D02D261DBFE3EE00947EAD /* Frameworks */ = {
			isa = PBXFrameworksBuildPhase;
			buildActionMask = 2147483647;
			files = (
			);
			runOnlyForDeploymentPostprocessing = 0;
		};
/* End PBXFrameworksBuildPhase section */

/* Begin PBXGroup section */
		046B5A611DC27DEB001C5664 /* Controller */ = {
			isa = PBXGroup;
			children = (
				046B5A5F1DC27DBB001C5664 /* CardGameController.swift */,
			);
			name = Controller;
			sourceTree = "<group>";
		};
		04D02D201DBFE3EE00947EAD = {
			isa = PBXGroup;
			children = (
				04D02D2B1DBFE3EE00947EAD /* CardGame */,
				04D02D2A1DBFE3EE00947EAD /* Products */,
			);
			sourceTree = "<group>";
		};
		04D02D2A1DBFE3EE00947EAD /* Products */ = {
			isa = PBXGroup;
			children = (
				04D02D291DBFE3EE00947EAD /* CardGame.app */,
			);
			name = Products;
			sourceTree = "<group>";
		};
		04D02D2B1DBFE3EE00947EAD /* CardGame */ = {
			isa = PBXGroup;
			children = (
				04D02D2C1DBFE3EE00947EAD /* AppDelegate.swift */,
				04D02D301DBFE3EE00947EAD /* Main.storyboard */,
				04D02D331DBFE3EE00947EAD /* Assets.xcassets */,
				04D02D351DBFE3EE00947EAD /* LaunchScreen.storyboard */,
				04D02D381DBFE3EE00947EAD /* Info.plist */,
				04D02D421DBFE66200947EAD /* Model */,
				046B5A611DC27DEB001C5664 /* Controller */,
			);
			path = CardGame;
			sourceTree = "<group>";
		};
		04D02D421DBFE66200947EAD /* Model */ = {
			isa = PBXGroup;
			children = (
				04D02D3E1DBFE5D000947EAD /* Card.swift */,
				049D9D3D1DC7C58E00955420 /* Deck.swift */,
				049D9D3F1DC7C59E00955420 /* PlayingCardDeck.swift */,
				04D02D401DBFE5F300947EAD /* PlayingCard.swift */,
				04234D161DD6572200784696 /* StupidGame.swift */,
			);
			name = Model;
			sourceTree = "<group>";
		};
/* End PBXGroup section */

/* Begin PBXNativeTarget section */
		04D02D281DBFE3EE00947EAD /* CardGame */ = {
			isa = PBXNativeTarget;
			buildConfigurationList = 04D02D3B1DBFE3EE00947EAD /* Build configuration list for PBXNativeTarget "CardGame" */;
			buildPhases = (
				04D02D251DBFE3EE00947EAD /* Sources */,
				04D02D261DBFE3EE00947EAD /* Frameworks */,
				04D02D271DBFE3EE00947EAD /* Resources */,
			);
			buildRules = (
			);
			dependencies = (
			);
			name = CardGame;
			productName = CardGame;
			productReference = 04D02D291DBFE3EE00947EAD /* CardGame.app */;
			productType = "com.apple.product-type.application";
		};
/* End PBXNativeTarget section */

/* Begin PBXProject section */
		04D02D211DBFE3EE00947EAD /* Project object */ = {
			isa = PBXProject;
			attributes = {
				LastSwiftUpdateCheck = 0720;
				LastUpgradeCheck = 0720;
				ORGANIZATIONNAME = "Beverly, Noah";
				TargetAttributes = {
					04D02D281DBFE3EE00947EAD = {
						CreatedOnToolsVersion = 7.2;
					};
				};
			};
			buildConfigurationList = 04D02D241DBFE3EE00947EAD /* Build configuration list for PBXProject "CardGame" */;
			compatibilityVersion = "Xcode 3.2";
			developmentRegion = English;
			hasScannedForEncodings = 0;
			knownRegions = (
				en,
				Base,
			);
			mainGroup = 04D02D201DBFE3EE00947EAD;
			productRefGroup = 04D02D2A1DBFE3EE00947EAD /* Products */;
			projectDirPath = "";
			projectRoot = "";
			targets = (
				04D02D281DBFE3EE00947EAD /* CardGame */,
			);
		};
/* End PBXProject section */

/* Begin PBXResourcesBuildPhase section */
		04D02D271DBFE3EE00947EAD /* Resources */ = {
			isa = PBXResourcesBuildPhase;
			buildActionMask = 2147483647;
			files = (
				04D02D371DBFE3EE00947EAD /* LaunchScreen.storyboard in Resources */,
				04D02D341DBFE3EE00947EAD /* Assets.xcassets in Resources */,
				04D02D321DBFE3EE00947EAD /* Main.storyboard in Resources */,
			);
			runOnlyForDeploymentPostprocessing = 0;
		};
/* End PBXResourcesBuildPhase section */

/* Begin PBXSourcesBuildPhase section */
		04D02D251DBFE3EE00947EAD /* Sources */ = {
			isa = PBXSourcesBuildPhase;
			buildActionMask = 2147483647;
			files = (
				04D02D3F1DBFE5D000947EAD /* Card.swift in Sources */,
				04D02D411DBFE5F300947EAD /* PlayingCard.swift in Sources */,
				049D9D3E1DC7C58E00955420 /* Deck.swift in Sources */,
				049D9D401DC7C59E00955420 /* PlayingCardDeck.swift in Sources */,
				04234D171DD6572200784696 /* StupidGame.swift in Sources */,
				04D02D2D1DBFE3EE00947EAD /* AppDelegate.swift in Sources */,
				046B5A601DC27DBB001C5664 /* CardGameController.swift in Sources */,
			);
			runOnlyForDeploymentPostprocessing = 0;
		};
/* End PBXSourcesBuildPhase section */

/* Begin PBXVariantGroup section */
		04D02D301DBFE3EE00947EAD /* Main.storyboard */ = {
			isa = PBXVariantGroup;
			children = (
				04D02D311DBFE3EE00947EAD /* Base */,
			);
			name = Main.storyboard;
			sourceTree = "<group>";
		};
		04D02D351DBFE3EE00947EAD /* LaunchScreen.storyboard */ = {
			isa = PBXVariantGroup;
			children = (
				04D02D361DBFE3EE00947EAD /* Base */,
			);
			name = LaunchScreen.storyboard;
			sourceTree = "<group>";
		};
/* End PBXVariantGroup section */

/* Begin XCBuildConfiguration section */
		04D02D391DBFE3EE00947EAD /* Debug */ = {
			isa = XCBuildConfiguration;
			buildSettings = {
				ALWAYS_SEARCH_USER_PATHS = NO;
				CLANG_CXX_LANGUAGE_STANDARD = "gnu++0x";
				CLANG_CXX_LIBRARY = "libc++";
				CLANG_ENABLE_MODULES = YES;
				CLANG_ENABLE_OBJC_ARC = YES;
				CLANG_WARN_BOOL_CONVERSION = YES;
				CLANG_WARN_CONSTANT_CONVERSION = YES;
				CLANG_WARN_DIRECT_OBJC_ISA_USAGE = YES_ERROR;
				CLANG_WARN_EMPTY_BODY = YES;
				CLANG_WARN_ENUM_CONVERSION = YES;
				CLANG_WARN_INT_CONVERSION = YES;
				CLANG_WARN_OBJC_ROOT_CLASS = YES_ERROR;
				CLANG_WARN_UNREACHABLE_CODE = YES;
				CLANG_WARN__DUPLICATE_METHOD_MATCH = YES;
				"CODE_SIGN_IDENTITY[sdk=iphoneos*]" = "iPhone Developer";
				COPY_PHASE_STRIP = NO;
				DEBUG_INFORMATION_FORMAT = dwarf;
				ENABLE_STRICT_OBJC_MSGSEND = YES;
				ENABLE_TESTABILITY = YES;
				GCC_C_LANGUAGE_STANDARD = gnu99;
				GCC_DYNAMIC_NO_PIC = NO;
				GCC_NO_COMMON_BLOCKS = YES;
				GCC_OPTIMIZATION_LEVEL = 0;
				GCC_PREPROCESSOR_DEFINITIONS = (
					"DEBUG=1",
					"$(inherited)",
				);
				GCC_WARN_64_TO_32_BIT_CONVERSION = YES;
				GCC_WARN_ABOUT_RETURN_TYPE = YES_ERROR;
				GCC_WARN_UNDECLARED_SELECTOR = YES;
				GCC_WARN_UNINITIALIZED_AUTOS = YES_AGGRESSIVE;
				GCC_WARN_UNUSED_FUNCTION = YES;
				GCC_WARN_UNUSED_VARIABLE = YES;
				IPHONEOS_DEPLOYMENT_TARGET = 9.2;
				MTL_ENABLE_DEBUG_INFO = YES;
				ONLY_ACTIVE_ARCH = YES;
				SDKROOT = iphoneos;
				SWIFT_OPTIMIZATION_LEVEL = "-Onone";
				TARGETED_DEVICE_FAMILY = "1,2";
			};
			name = Debug;
		};
		04D02D3A1DBFE3EE00947EAD /* Release */ = {
			isa = XCBuildConfiguration;
			buildSettings = {
				ALWAYS_SEARCH_USER_PATHS = NO;
				CLANG_CXX_LANGUAGE_STANDARD = "gnu++0x";
				CLANG_CXX_LIBRARY = "libc++";
				CLANG_ENABLE_MODULES = YES;
				CLANG_ENABLE_OBJC_ARC = YES;
				CLANG_WARN_BOOL_CONVERSION = YES;
				CLANG_WARN_CONSTANT_CONVERSION = YES;
				CLANG_WARN_DIRECT_OBJC_ISA_USAGE = YES_ERROR;
				CLANG_WARN_EMPTY_BODY = YES;
				CLANG_WARN_ENUM_CONVERSION = YES;
				CLANG_WARN_INT_CONVERSION = YES;
				CLANG_WARN_OBJC_ROOT_CLASS = YES_ERROR;
				CLANG_WARN_UNREACHABLE_CODE = YES;
				CLANG_WARN__DUPLICATE_METHOD_MATCH = YES;
				"CODE_SIGN_IDENTITY[sdk=iphoneos*]" = "iPhone Developer";
				COPY_PHASE_STRIP = NO;
				DEBUG_INFORMATION_FORMAT = "dwarf-with-dsym";
				ENABLE_NS_ASSERTIONS = NO;
				ENABLE_STRICT_OBJC_MSGSEND = YES;
				GCC_C_LANGUAGE_STANDARD = gnu99;
				GCC_NO_COMMON_BLOCKS = YES;
				GCC_WARN_64_TO_32_BIT_CONVERSION = YES;
				GCC_WARN_ABOUT_RETURN_TYPE = YES_ERROR;
				GCC_WARN_UNDECLARED_SELECTOR = YES;
				GCC_WARN_UNINITIALIZED_AUTOS = YES_AGGRESSIVE;
				GCC_WARN_UNUSED_FUNCTION = YES;
				GCC_WARN_UNUSED_VARIABLE = YES;
				IPHONEOS_DEPLOYMENT_TARGET = 9.2;
				MTL_ENABLE_DEBUG_INFO = NO;
				SDKROOT = iphoneos;
				TARGETED_DEVICE_FAMILY = "1,2";
				VALIDATE_PRODUCT = YES;
			};
			name = Release;
		};
		04D02D3C1DBFE3EE00947EAD /* Debug */ = {
			isa = XCBuildConfiguration;
			buildSettings = {
				ASSETCATALOG_COMPILER_APPICON_NAME = AppIcon;
				INFOPLIST_FILE = CardGame/Info.plist;
				LD_RUNPATH_SEARCH_PATHS = "$(inherited) @executable_path/Frameworks";
				PRODUCT_BUNDLE_IDENTIFIER = CTEC.CardGame;
				PRODUCT_NAME = "$(TARGET_NAME)";
			};
			name = Debug;
		};
		04D02D3D1DBFE3EE00947EAD /* Release */ = {
			isa = XCBuildConfiguration;
			buildSettings = {
				ASSETCATALOG_COMPILER_APPICON_NAME = AppIcon;
				INFOPLIST_FILE = CardGame/Info.plist;
				LD_RUNPATH_SEARCH_PATHS = "$(inherited) @executable_path/Frameworks";
				PRODUCT_BUNDLE_IDENTIFIER = CTEC.CardGame;
				PRODUCT_NAME = "$(TARGET_NAME)";
			};
			name = Release;
		};
/* End XCBuildConfiguration section */

/* Begin XCConfigurationList section */
		04D02D241DBFE3EE00947EAD /* Build configuration list for PBXProject "CardGame" */ = {
			isa = XCConfigurationList;
			buildConfigurations = (
				04D02D391DBFE3EE00947EAD /* Debug */,
				04D02D3A1DBFE3EE00947EAD /* Release */,
			);
			defaultConfigurationIsVisible = 0;
			defaultConfigurationName = Release;
		};
		04D02D3B1DBFE3EE00947EAD /* Build configuration list for PBXNativeTarget "CardGame" */ = {
			isa = XCConfigurationList;
			buildConfigurations = (
				04D02D3C1DBFE3EE00947EAD /* Debug */,
				04D02D3D1DBFE3EE00947EAD /* Release */,
			);
			defaultConfigurationIsVisible = 0;
			defaultConfigurationName = Release;
		};
/* End XCConfigurationList section */
	};
	rootObject = 04D02D211DBFE3EE00947EAD /* Project object */;
}
